
Microsoft Visual Studio Solution File, Format Version 12.00
# Visual Studio 15
VisualStudioVersion = 15.0.27703.2026
MinimumVisualStudioVersion = 10.0.40219.1
Project("{FAE04EC0-301F-11D3-BF4B-00C04F79EFBC}") = "ConcatenateValues", "ConcatenateValues\ConcatenateValues.csproj", "{BE843B99-C4AD-4E85-9E8E-FD97AF3C7CA8}"
EndProject
Project("{FAE04EC0-301F-11D3-BF4B-00C04F79EFBC}") = "EscapeCharacters", "EscapeCharacters\EscapeCharacters.csproj", "{4FEFE013-ED8E-409E-B0C7-C2F7B3103304}"
EndProject
Project("{FAE04EC0-301F-11D3-BF4B-00C04F79EFBC}") = "OutputIntegers", "OutputIntegers\OutputIntegers.csproj", "{9F5C6207-DB52-4FCB-BA30-9CD9478B0CDA}"
EndProject
Project("{FAE04EC0-301F-11D3-BF4B-00C04F79EFBC}") = "SomeOfTwoInputs", "SomeOfTwoInputs\SomeOfTwoInputs.csproj", "{6D769EF6-4614-47EA-9AF1-2A259C71B8D1}"
EndProject
Project("{9A19103F-16F7-4668-BE54-9A1E7A4F7556}") = "0-30WhileLoop", "0-30WhileLoop\0-30WhileLoop.csproj", "{3496AD0E-B161-4CF3-B6B3-68B94C18CE9A}"
EndProject
Project("{9A19103F-16F7-4668-BE54-9A1E7A4F7556}") = "0-10EvenOddForLoop", "0-10EvenOddForLoop\0-10EvenOddForLoop.csproj", "{E8552122-B74B-4885-B5E0-8DDB313B64FE}"
EndProject
Project("{9A19103F-16F7-4668-BE54-9A1E7A4F7556}") = "WeatherEvaluations", "WeatherEvaluations\WeatherEvaluations.csproj", "{2E3E2E72-7E3D-4DEF-BD00-2EDCD13AD9AE}"
EndProject
Project("{2150E333-8FDC-42A3-9474-1A3956D46DE8}") = "Week1", "Week1", "{980E766E-BBD8-40EF-91DD-074917AFFB06}"
EndProject
Project("{2150E333-8FDC-42A3-9474-1A3956D46DE8}") = "Week2", "Week2", "{56DF5586-756A-44EF-85E3-7C0F950050B2}"
EndProject
Project("{2150E333-8FDC-42A3-9474-1A3956D46DE8}") = "Week3", "Week3", "{80961BC5-0572-4587-9A42-397B97D67712}"
EndProject
Project("{FAE04EC0-301F-11D3-BF4B-00C04F79EFBC}") = "Math", "Math\Math.csproj", "{59CF6CB5-0B92-44BA-B722-F6BA327F6321}"
EndProject
Project("{2150E333-8FDC-42A3-9474-1A3956D46DE8}") = "Week4", "Week4", "{3C53F807-0D01-4D61-8CBE-616933918700}"
EndProject
Project("{FAE04EC0-301F-11D3-BF4B-00C04F79EFBC}") = "MonthArray", "MonthArray\MonthArray.csproj", "{C61829C5-2856-49EC-B23A-972F4E0FD880}"
EndProject
Project("{FAE04EC0-301F-11D3-BF4B-00C04F79EFBC}") = "SeasonArray", "SeasonArray\SeasonArray.csproj", "{5939596B-0444-4885-A1ED-942131FFE65B}"
EndProject
Project("{FAE04EC0-301F-11D3-BF4B-00C04F79EFBC}") = "ForLoopArrayOutput", "ForLoopArrayOutput\ForLoopArrayOutput.csproj", "{1C30BF0B-8578-4DFF-9B10-59540447D6E9}"
EndProject
Project("{FAE04EC0-301F-11D3-BF4B-00C04F79EFBC}") = "ForEachArrayOutput", "ForEachArrayOutput\ForEachArrayOutput.csproj", "{19C056E4-52A4-4C9A-99E2-9C0D1E4055BD}"
EndProject
Project("{FAE04EC0-301F-11D3-BF4B-00C04F79EFBC}") = "RandomNumberArray", "RandomNumberArray\RandomNumberArray.csproj", "{5E916D6E-2495-44D3-85EC-66B7084D954F}"
EndProject
Project("{2150E333-8FDC-42A3-9474-1A3956D46DE8}") = "Week5", "Week5", "{4B7C012A-6B71-4FFE-B392-866BCB786F6F}"
EndProject
Project("{FAE04EC0-301F-11D3-BF4B-00C04F79EFBC}") = "VehicleProject", "VehicleProject\VehicleProject.csproj", "{3B9AD508-4612-4852-8FFD-D02B569FE53C}"
EndProject
Global
	GlobalSection(SolutionConfigurationPlatforms) = preSolution
		Debug|Any CPU = Debug|Any CPU
		Debug|ARM = Debug|ARM
		Debug|x64 = Debug|x64
		Debug|x86 = Debug|x86
		Release|Any CPU = Release|Any CPU
		Release|ARM = Release|ARM
		Release|x64 = Release|x64
		Release|x86 = Release|x86
	EndGlobalSection
	GlobalSection(ProjectConfigurationPlatforms) = postSolution
		{BE843B99-C4AD-4E85-9E8E-FD97AF3C7CA8}.Debug|Any CPU.ActiveCfg = Debug|Any CPU
		{BE843B99-C4AD-4E85-9E8E-FD97AF3C7CA8}.Debug|Any CPU.Build.0 = Debug|Any CPU
		{BE843B99-C4AD-4E85-9E8E-FD97AF3C7CA8}.Debug|ARM.ActiveCfg = Debug|Any CPU
		{BE843B99-C4AD-4E85-9E8E-FD97AF3C7CA8}.Debug|x64.ActiveCfg = Debug|Any CPU
		{BE843B99-C4AD-4E85-9E8E-FD97AF3C7CA8}.Debug|x86.ActiveCfg = Debug|Any CPU
		{BE843B99-C4AD-4E85-9E8E-FD97AF3C7CA8}.Release|Any CPU.ActiveCfg = Release|Any CPU
		{BE843B99-C4AD-4E85-9E8E-FD97AF3C7CA8}.Release|Any CPU.Build.0 = Release|Any CPU
		{BE843B99-C4AD-4E85-9E8E-FD97AF3C7CA8}.Release|ARM.ActiveCfg = Release|Any CPU
		{BE843B99-C4AD-4E85-9E8E-FD97AF3C7CA8}.Release|x64.ActiveCfg = Release|Any CPU
		{BE843B99-C4AD-4E85-9E8E-FD97AF3C7CA8}.Release|x86.ActiveCfg = Release|Any CPU
		{4FEFE013-ED8E-409E-B0C7-C2F7B3103304}.Debug|Any CPU.ActiveCfg = Debug|Any CPU
		{4FEFE013-ED8E-409E-B0C7-C2F7B3103304}.Debug|Any CPU.Build.0 = Debug|Any CPU
		{4FEFE013-ED8E-409E-B0C7-C2F7B3103304}.Debug|ARM.ActiveCfg = Debug|Any CPU
		{4FEFE013-ED8E-409E-B0C7-C2F7B3103304}.Debug|x64.ActiveCfg = Debug|Any CPU
		{4FEFE013-ED8E-409E-B0C7-C2F7B3103304}.Debug|x86.ActiveCfg = Debug|Any CPU
		{4FEFE013-ED8E-409E-B0C7-C2F7B3103304}.Release|Any CPU.ActiveCfg = Release|Any CPU
		{4FEFE013-ED8E-409E-B0C7-C2F7B3103304}.Release|Any CPU.Build.0 = Release|Any CPU
		{4FEFE013-ED8E-409E-B0C7-C2F7B3103304}.Release|ARM.ActiveCfg = Release|Any CPU
		{4FEFE013-ED8E-409E-B0C7-C2F7B3103304}.Release|x64.ActiveCfg = Release|Any CPU
		{4FEFE013-ED8E-409E-B0C7-C2F7B3103304}.Release|x86.ActiveCfg = Release|Any CPU
		{9F5C6207-DB52-4FCB-BA30-9CD9478B0CDA}.Debug|Any CPU.ActiveCfg = Debug|Any CPU
		{9F5C6207-DB52-4FCB-BA30-9CD9478B0CDA}.Debug|Any CPU.Build.0 = Debug|Any CPU
		{9F5C6207-DB52-4FCB-BA30-9CD9478B0CDA}.Debug|ARM.ActiveCfg = Debug|Any CPU
		{9F5C6207-DB52-4FCB-BA30-9CD9478B0CDA}.Debug|x64.ActiveCfg = Debug|Any CPU
		{9F5C6207-DB52-4FCB-BA30-9CD9478B0CDA}.Debug|x86.ActiveCfg = Debug|Any CPU
		{9F5C6207-DB52-4FCB-BA30-9CD9478B0CDA}.Release|Any CPU.ActiveCfg = Release|Any CPU
		{9F5C6207-DB52-4FCB-BA30-9CD9478B0CDA}.Release|Any CPU.Build.0 = Release|Any CPU
		{9F5C6207-DB52-4FCB-BA30-9CD9478B0CDA}.Release|ARM.ActiveCfg = Release|Any CPU
		{9F5C6207-DB52-4FCB-BA30-9CD9478B0CDA}.Release|x64.ActiveCfg = Release|Any CPU
		{9F5C6207-DB52-4FCB-BA30-9CD9478B0CDA}.Release|x86.ActiveCfg = Release|Any CPU
		{6D769EF6-4614-47EA-9AF1-2A259C71B8D1}.Debug|Any CPU.ActiveCfg = Debug|Any CPU
		{6D769EF6-4614-47EA-9AF1-2A259C71B8D1}.Debug|Any CPU.Build.0 = Debug|Any CPU
		{6D769EF6-4614-47EA-9AF1-2A259C71B8D1}.Debug|ARM.ActiveCfg = Debug|Any CPU
		{6D769EF6-4614-47EA-9AF1-2A259C71B8D1}.Debug|x64.ActiveCfg = Debug|Any CPU
		{6D769EF6-4614-47EA-9AF1-2A259C71B8D1}.Debug|x86.ActiveCfg = Debug|Any CPU
		{6D769EF6-4614-47EA-9AF1-2A259C71B8D1}.Release|Any CPU.ActiveCfg = Release|Any CPU
		{6D769EF6-4614-47EA-9AF1-2A259C71B8D1}.Release|Any CPU.Build.0 = Release|Any CPU
		{6D769EF6-4614-47EA-9AF1-2A259C71B8D1}.Release|ARM.ActiveCfg = Release|Any CPU
		{6D769EF6-4614-47EA-9AF1-2A259C71B8D1}.Release|x64.ActiveCfg = Release|Any CPU
		{6D769EF6-4614-47EA-9AF1-2A259C71B8D1}.Release|x86.ActiveCfg = Release|Any CPU
		{3496AD0E-B161-4CF3-B6B3-68B94C18CE9A}.Debug|Any CPU.ActiveCfg = Debug|Any CPU
		{3496AD0E-B161-4CF3-B6B3-68B94C18CE9A}.Debug|Any CPU.Build.0 = Debug|Any CPU
		{3496AD0E-B161-4CF3-B6B3-68B94C18CE9A}.Debug|ARM.ActiveCfg = Debug|Any CPU
		{3496AD0E-B161-4CF3-B6B3-68B94C18CE9A}.Debug|ARM.Build.0 = Debug|Any CPU
		{3496AD0E-B161-4CF3-B6B3-68B94C18CE9A}.Debug|x64.ActiveCfg = Debug|Any CPU
		{3496AD0E-B161-4CF3-B6B3-68B94C18CE9A}.Debug|x64.Build.0 = Debug|Any CPU
		{3496AD0E-B161-4CF3-B6B3-68B94C18CE9A}.Debug|x86.ActiveCfg = Debug|Any CPU
		{3496AD0E-B161-4CF3-B6B3-68B94C18CE9A}.Debug|x86.Build.0 = Debug|Any CPU
		{3496AD0E-B161-4CF3-B6B3-68B94C18CE9A}.Release|Any CPU.ActiveCfg = Release|Any CPU
		{3496AD0E-B161-4CF3-B6B3-68B94C18CE9A}.Release|Any CPU.Build.0 = Release|Any CPU
		{3496AD0E-B161-4CF3-B6B3-68B94C18CE9A}.Release|ARM.ActiveCfg = Release|Any CPU
		{3496AD0E-B161-4CF3-B6B3-68B94C18CE9A}.Release|ARM.Build.0 = Release|Any CPU
		{3496AD0E-B161-4CF3-B6B3-68B94C18CE9A}.Release|x64.ActiveCfg = Release|Any CPU
		{3496AD0E-B161-4CF3-B6B3-68B94C18CE9A}.Release|x64.Build.0 = Release|Any CPU
		{3496AD0E-B161-4CF3-B6B3-68B94C18CE9A}.Release|x86.ActiveCfg = Release|Any CPU
		{3496AD0E-B161-4CF3-B6B3-68B94C18CE9A}.Release|x86.Build.0 = Release|Any CPU
		{E8552122-B74B-4885-B5E0-8DDB313B64FE}.Debug|Any CPU.ActiveCfg = Debug|Any CPU
		{E8552122-B74B-4885-B5E0-8DDB313B64FE}.Debug|Any CPU.Build.0 = Debug|Any CPU
		{E8552122-B74B-4885-B5E0-8DDB313B64FE}.Debug|ARM.ActiveCfg = Debug|Any CPU
		{E8552122-B74B-4885-B5E0-8DDB313B64FE}.Debug|ARM.Build.0 = Debug|Any CPU
		{E8552122-B74B-4885-B5E0-8DDB313B64FE}.Debug|x64.ActiveCfg = Debug|Any CPU
		{E8552122-B74B-4885-B5E0-8DDB313B64FE}.Debug|x64.Build.0 = Debug|Any CPU
		{E8552122-B74B-4885-B5E0-8DDB313B64FE}.Debug|x86.ActiveCfg = Debug|Any CPU
		{E8552122-B74B-4885-B5E0-8DDB313B64FE}.Debug|x86.Build.0 = Debug|Any CPU
		{E8552122-B74B-4885-B5E0-8DDB313B64FE}.Release|Any CPU.ActiveCfg = Release|Any CPU
		{E8552122-B74B-4885-B5E0-8DDB313B64FE}.Release|Any CPU.Build.0 = Release|Any CPU
		{E8552122-B74B-4885-B5E0-8DDB313B64FE}.Release|ARM.ActiveCfg = Release|Any CPU
		{E8552122-B74B-4885-B5E0-8DDB313B64FE}.Release|ARM.Build.0 = Release|Any CPU
		{E8552122-B74B-4885-B5E0-8DDB313B64FE}.Release|x64.ActiveCfg = Release|Any CPU
		{E8552122-B74B-4885-B5E0-8DDB313B64FE}.Release|x64.Build.0 = Release|Any CPU
		{E8552122-B74B-4885-B5E0-8DDB313B64FE}.Release|x86.ActiveCfg = Release|Any CPU
		{E8552122-B74B-4885-B5E0-8DDB313B64FE}.Release|x86.Build.0 = Release|Any CPU
		{2E3E2E72-7E3D-4DEF-BD00-2EDCD13AD9AE}.Debug|Any CPU.ActiveCfg = Debug|Any CPU
		{2E3E2E72-7E3D-4DEF-BD00-2EDCD13AD9AE}.Debug|Any CPU.Build.0 = Debug|Any CPU
		{2E3E2E72-7E3D-4DEF-BD00-2EDCD13AD9AE}.Debug|ARM.ActiveCfg = Debug|Any CPU
		{2E3E2E72-7E3D-4DEF-BD00-2EDCD13AD9AE}.Debug|ARM.Build.0 = Debug|Any CPU
		{2E3E2E72-7E3D-4DEF-BD00-2EDCD13AD9AE}.Debug|x64.ActiveCfg = Debug|Any CPU
		{2E3E2E72-7E3D-4DEF-BD00-2EDCD13AD9AE}.Debug|x64.Build.0 = Debug|Any CPU
		{2E3E2E72-7E3D-4DEF-BD00-2EDCD13AD9AE}.Debug|x86.ActiveCfg = Debug|Any CPU
		{2E3E2E72-7E3D-4DEF-BD00-2EDCD13AD9AE}.Debug|x86.Build.0 = Debug|Any CPU
		{2E3E2E72-7E3D-4DEF-BD00-2EDCD13AD9AE}.Release|Any CPU.ActiveCfg = Release|Any CPU
		{2E3E2E72-7E3D-4DEF-BD00-2EDCD13AD9AE}.Release|Any CPU.Build.0 = Release|Any CPU
		{2E3E2E72-7E3D-4DEF-BD00-2EDCD13AD9AE}.Release|ARM.ActiveCfg = Release|Any CPU
		{2E3E2E72-7E3D-4DEF-BD00-2EDCD13AD9AE}.Release|ARM.Build.0 = Release|Any CPU
		{2E3E2E72-7E3D-4DEF-BD00-2EDCD13AD9AE}.Release|x64.ActiveCfg = Release|Any CPU
		{2E3E2E72-7E3D-4DEF-BD00-2EDCD13AD9AE}.Release|x64.Build.0 = Release|Any CPU
		{2E3E2E72-7E3D-4DEF-BD00-2EDCD13AD9AE}.Release|x86.ActiveCfg = Release|Any CPU
		{2E3E2E72-7E3D-4DEF-BD00-2EDCD13AD9AE}.Release|x86.Build.0 = Release|Any CPU
		{59CF6CB5-0B92-44BA-B722-F6BA327F6321}.Debug|Any CPU.ActiveCfg = Debug|Any CPU
		{59CF6CB5-0B92-44BA-B722-F6BA327F6321}.Debug|Any CPU.Build.0 = Debug|Any CPU
		{59CF6CB5-0B92-44BA-B722-F6BA327F6321}.Debug|ARM.ActiveCfg = Debug|Any CPU
		{59CF6CB5-0B92-44BA-B722-F6BA327F6321}.Debug|ARM.Build.0 = Debug|Any CPU
		{59CF6CB5-0B92-44BA-B722-F6BA327F6321}.Debug|x64.ActiveCfg = Debug|Any CPU
		{59CF6CB5-0B92-44BA-B722-F6BA327F6321}.Debug|x64.Build.0 = Debug|Any CPU
		{59CF6CB5-0B92-44BA-B722-F6BA327F6321}.Debug|x86.ActiveCfg = Debug|Any CPU
		{59CF6CB5-0B92-44BA-B722-F6BA327F6321}.Debug|x86.Build.0 = Debug|Any CPU
		{59CF6CB5-0B92-44BA-B722-F6BA327F6321}.Release|Any CPU.ActiveCfg = Release|Any CPU
		{59CF6CB5-0B92-44BA-B722-F6BA327F6321}.Release|Any CPU.Build.0 = Release|Any CPU
		{59CF6CB5-0B92-44BA-B722-F6BA327F6321}.Release|ARM.ActiveCfg = Release|Any CPU
		{59CF6CB5-0B92-44BA-B722-F6BA327F6321}.Release|ARM.Build.0 = Release|Any CPU
		{59CF6CB5-0B92-44BA-B722-F6BA327F6321}.Release|x64.ActiveCfg = Release|Any CPU
		{59CF6CB5-0B92-44BA-B722-F6BA327F6321}.Release|x64.Build.0 = Release|Any CPU
		{59CF6CB5-0B92-44BA-B722-F6BA327F6321}.Release|x86.ActiveCfg = Release|Any CPU
		{59CF6CB5-0B92-44BA-B722-F6BA327F6321}.Release|x86.Build.0 = Release|Any CPU
		{C61829C5-2856-49EC-B23A-972F4E0FD880}.Debug|Any CPU.ActiveCfg = Debug|Any CPU
		{C61829C5-2856-49EC-B23A-972F4E0FD880}.Debug|Any CPU.Build.0 = Debug|Any CPU
		{C61829C5-2856-49EC-B23A-972F4E0FD880}.Debug|ARM.ActiveCfg = Debug|Any CPU
		{C61829C5-2856-49EC-B23A-972F4E0FD880}.Debug|ARM.Build.0 = Debug|Any CPU
		{C61829C5-2856-49EC-B23A-972F4E0FD880}.Debug|x64.ActiveCfg = Debug|Any CPU
		{C61829C5-2856-49EC-B23A-972F4E0FD880}.Debug|x64.Build.0 = Debug|Any CPU
		{C61829C5-2856-49EC-B23A-972F4E0FD880}.Debug|x86.ActiveCfg = Debug|Any CPU
		{C61829C5-2856-49EC-B23A-972F4E0FD880}.Debug|x86.Build.0 = Debug|Any CPU
		{C61829C5-2856-49EC-B23A-972F4E0FD880}.Release|Any CPU.ActiveCfg = Release|Any CPU
		{C61829C5-2856-49EC-B23A-972F4E0FD880}.Release|Any CPU.Build.0 = Release|Any CPU
		{C61829C5-2856-49EC-B23A-972F4E0FD880}.Release|ARM.ActiveCfg = Release|Any CPU
		{C61829C5-2856-49EC-B23A-972F4E0FD880}.Release|ARM.Build.0 = Release|Any CPU
		{C61829C5-2856-49EC-B23A-972F4E0FD880}.Release|x64.ActiveCfg = Release|Any CPU
		{C61829C5-2856-49EC-B23A-972F4E0FD880}.Release|x64.Build.0 = Release|Any CPU
		{C61829C5-2856-49EC-B23A-972F4E0FD880}.Release|x86.ActiveCfg = Release|Any CPU
		{C61829C5-2856-49EC-B23A-972F4E0FD880}.Release|x86.Build.0 = Release|Any CPU
		{5939596B-0444-4885-A1ED-942131FFE65B}.Debug|Any CPU.ActiveCfg = Debug|Any CPU
		{5939596B-0444-4885-A1ED-942131FFE65B}.Debug|Any CPU.Build.0 = Debug|Any CPU
		{5939596B-0444-4885-A1ED-942131FFE65B}.Debug|ARM.ActiveCfg = Debug|Any CPU
		{5939596B-0444-4885-A1ED-942131FFE65B}.Debug|ARM.Build.0 = Debug|Any CPU
		{5939596B-0444-4885-A1ED-942131FFE65B}.Debug|x64.ActiveCfg = Debug|Any CPU
		{5939596B-0444-4885-A1ED-942131FFE65B}.Debug|x64.Build.0 = Debug|Any CPU
		{5939596B-0444-4885-A1ED-942131FFE65B}.Debug|x86.ActiveCfg = Debug|Any CPU
		{5939596B-0444-4885-A1ED-942131FFE65B}.Debug|x86.Build.0 = Debug|Any CPU
		{5939596B-0444-4885-A1ED-942131FFE65B}.Release|Any CPU.ActiveCfg = Release|Any CPU
		{5939596B-0444-4885-A1ED-942131FFE65B}.Release|Any CPU.Build.0 = Release|Any CPU
		{5939596B-0444-4885-A1ED-942131FFE65B}.Release|ARM.ActiveCfg = Release|Any CPU
		{5939596B-0444-4885-A1ED-942131FFE65B}.Release|ARM.Build.0 = Release|Any CPU
		{5939596B-0444-4885-A1ED-942131FFE65B}.Release|x64.ActiveCfg = Release|Any CPU
		{5939596B-0444-4885-A1ED-942131FFE65B}.Release|x64.Build.0 = Release|Any CPU
		{5939596B-0444-4885-A1ED-942131FFE65B}.Release|x86.ActiveCfg = Release|Any CPU
		{5939596B-0444-4885-A1ED-942131FFE65B}.Release|x86.Build.0 = Release|Any CPU
		{1C30BF0B-8578-4DFF-9B10-59540447D6E9}.Debug|Any CPU.ActiveCfg = Debug|Any CPU
		{1C30BF0B-8578-4DFF-9B10-59540447D6E9}.Debug|Any CPU.Build.0 = Debug|Any CPU
		{1C30BF0B-8578-4DFF-9B10-59540447D6E9}.Debug|ARM.ActiveCfg = Debug|Any CPU
		{1C30BF0B-8578-4DFF-9B10-59540447D6E9}.Debug|ARM.Build.0 = Debug|Any CPU
		{1C30BF0B-8578-4DFF-9B10-59540447D6E9}.Debug|x64.ActiveCfg = Debug|Any CPU
		{1C30BF0B-8578-4DFF-9B10-59540447D6E9}.Debug|x64.Build.0 = Debug|Any CPU
		{1C30BF0B-8578-4DFF-9B10-59540447D6E9}.Debug|x86.ActiveCfg = Debug|Any CPU
		{1C30BF0B-8578-4DFF-9B10-59540447D6E9}.Debug|x86.Build.0 = Debug|Any CPU
		{1C30BF0B-8578-4DFF-9B10-59540447D6E9}.Release|Any CPU.ActiveCfg = Release|Any CPU
		{1C30BF0B-8578-4DFF-9B10-59540447D6E9}.Release|Any CPU.Build.0 = Release|Any CPU
		{1C30BF0B-8578-4DFF-9B10-59540447D6E9}.Release|ARM.ActiveCfg = Release|Any CPU
		{1C30BF0B-8578-4DFF-9B10-59540447D6E9}.Release|ARM.Build.0 = Release|Any CPU
		{1C30BF0B-8578-4DFF-9B10-59540447D6E9}.Release|x64.ActiveCfg = Release|Any CPU
		{1C30BF0B-8578-4DFF-9B10-59540447D6E9}.Release|x64.Build.0 = Release|Any CPU
		{1C30BF0B-8578-4DFF-9B10-59540447D6E9}.Release|x86.ActiveCfg = Release|Any CPU
		{1C30BF0B-8578-4DFF-9B10-59540447D6E9}.Release|x86.Build.0 = Release|Any CPU
		{19C056E4-52A4-4C9A-99E2-9C0D1E4055BD}.Debug|Any CPU.ActiveCfg = Debug|Any CPU
		{19C056E4-52A4-4C9A-99E2-9C0D1E4055BD}.Debug|Any CPU.Build.0 = Debug|Any CPU
		{19C056E4-52A4-4C9A-99E2-9C0D1E4055BD}.Debug|ARM.ActiveCfg = Debug|Any CPU
		{19C056E4-52A4-4C9A-99E2-9C0D1E4055BD}.Debug|ARM.Build.0 = Debug|Any CPU
		{19C056E4-52A4-4C9A-99E2-9C0D1E4055BD}.Debug|x64.ActiveCfg = Debug|Any CPU
		{19C056E4-52A4-4C9A-99E2-9C0D1E4055BD}.Debug|x64.Build.0 = Debug|Any CPU
		{19C056E4-52A4-4C9A-99E2-9C0D1E4055BD}.Debug|x86.ActiveCfg = Debug|Any CPU
		{19C056E4-52A4-4C9A-99E2-9C0D1E4055BD}.Debug|x86.Build.0 = Debug|Any CPU
		{19C056E4-52A4-4C9A-99E2-9C0D1E4055BD}.Release|Any CPU.ActiveCfg = Release|Any CPU
		{19C056E4-52A4-4C9A-99E2-9C0D1E4055BD}.Release|Any CPU.Build.0 = Release|Any CPU
		{19C056E4-52A4-4C9A-99E2-9C0D1E4055BD}.Release|ARM.ActiveCfg = Release|Any CPU
		{19C056E4-52A4-4C9A-99E2-9C0D1E4055BD}.Release|ARM.Build.0 = Release|Any CPU
		{19C056E4-52A4-4C9A-99E2-9C0D1E4055BD}.Release|x64.ActiveCfg = Release|Any CPU
		{19C056E4-52A4-4C9A-99E2-9C0D1E4055BD}.Release|x64.Build.0 = Release|Any CPU
		{19C056E4-52A4-4C9A-99E2-9C0D1E4055BD}.Release|x86.ActiveCfg = Release|Any CPU
		{19C056E4-52A4-4C9A-99E2-9C0D1E4055BD}.Release|x86.Build.0 = Release|Any CPU
		{5E916D6E-2495-44D3-85EC-66B7084D954F}.Debug|Any CPU.ActiveCfg = Debug|Any CPU
		{5E916D6E-2495-44D3-85EC-66B7084D954F}.Debug|Any CPU.Build.0 = Debug|Any CPU
		{5E916D6E-2495-44D3-85EC-66B7084D954F}.Debug|ARM.ActiveCfg = Debug|Any CPU
		{5E916D6E-2495-44D3-85EC-66B7084D954F}.Debug|ARM.Build.0 = Debug|Any CPU
		{5E916D6E-2495-44D3-85EC-66B7084D954F}.Debug|x64.ActiveCfg = Debug|Any CPU
		{5E916D6E-2495-44D3-85EC-66B7084D954F}.Debug|x64.Build.0 = Debug|Any CPU
		{5E916D6E-2495-44D3-85EC-66B7084D954F}.Debug|x86.ActiveCfg = Debug|Any CPU
		{5E916D6E-2495-44D3-85EC-66B7084D954F}.Debug|x86.Build.0 = Debug|Any CPU
		{5E916D6E-2495-44D3-85EC-66B7084D954F}.Release|Any CPU.ActiveCfg = Release|Any CPU
		{5E916D6E-2495-44D3-85EC-66B7084D954F}.Release|Any CPU.Build.0 = Release|Any CPU
		{5E916D6E-2495-44D3-85EC-66B7084D954F}.Release|ARM.ActiveCfg = Release|Any CPU
		{5E916D6E-2495-44D3-85EC-66B7084D954F}.Release|ARM.Build.0 = Release|Any CPU
		{5E916D6E-2495-44D3-85EC-66B7084D954F}.Release|x64.ActiveCfg = Release|Any CPU
		{5E916D6E-2495-44D3-85EC-66B7084D954F}.Release|x64.Build.0 = Release|Any CPU
		{5E916D6E-2495-44D3-85EC-66B7084D954F}.Release|x86.ActiveCfg = Release|Any CPU
		{5E916D6E-2495-44D3-85EC-66B7084D954F}.Release|x86.Build.0 = Release|Any CPU
		{3B9AD508-4612-4852-8FFD-D02B569FE53C}.Debug|Any CPU.ActiveCfg = Debug|Any CPU
		{3B9AD508-4612-4852-8FFD-D02B569FE53C}.Debug|Any CPU.Build.0 = Debug|Any CPU
		{3B9AD508-4612-4852-8FFD-D02B569FE53C}.Debug|ARM.ActiveCfg = Debug|Any CPU
		{3B9AD508-4612-4852-8FFD-D02B569FE53C}.Debug|ARM.Build.0 = Debug|Any CPU
		{3B9AD508-4612-4852-8FFD-D02B569FE53C}.Debug|x64.ActiveCfg = Debug|Any CPU
		{3B9AD508-4612-4852-8FFD-D02B569FE53C}.Debug|x64.Build.0 = Debug|Any CPU
		{3B9AD508-4612-4852-8FFD-D02B569FE53C}.Debug|x86.ActiveCfg = Debug|Any CPU
		{3B9AD508-4612-4852-8FFD-D02B569FE53C}.Debug|x86.Build.0 = Debug|Any CPU
		{3B9AD508-4612-4852-8FFD-D02B569FE53C}.Release|Any CPU.ActiveCfg = Release|Any CPU
		{3B9AD508-4612-4852-8FFD-D02B569FE53C}.Release|Any CPU.Build.0 = Release|Any CPU
		{3B9AD508-4612-4852-8FFD-D02B569FE53C}.Release|ARM.ActiveCfg = Release|Any CPU
		{3B9AD508-4612-4852-8FFD-D02B569FE53C}.Release|ARM.Build.0 = Release|Any CPU
		{3B9AD508-4612-4852-8FFD-D02B569FE53C}.Release|x64.ActiveCfg = Release|Any CPU
		{3B9AD508-4612-4852-8FFD-D02B569FE53C}.Release|x64.Build.0 = Release|Any CPU
		{3B9AD508-4612-4852-8FFD-D02B569FE53C}.Release|x86.ActiveCfg = Release|Any CPU
		{3B9AD508-4612-4852-8FFD-D02B569FE53C}.Release|x86.Build.0 = Release|Any CPU
	EndGlobalSection
	GlobalSection(SolutionProperties) = preSolution
		HideSolutionNode = FALSE
	EndGlobalSection
	GlobalSection(NestedProjects) = preSolution
		{BE843B99-C4AD-4E85-9E8E-FD97AF3C7CA8} = {980E766E-BBD8-40EF-91DD-074917AFFB06}
		{4FEFE013-ED8E-409E-B0C7-C2F7B3103304} = {980E766E-BBD8-40EF-91DD-074917AFFB06}
		{9F5C6207-DB52-4FCB-BA30-9CD9478B0CDA} = {980E766E-BBD8-40EF-91DD-074917AFFB06}
		{6D769EF6-4614-47EA-9AF1-2A259C71B8D1} = {980E766E-BBD8-40EF-91DD-074917AFFB06}
		{3496AD0E-B161-4CF3-B6B3-68B94C18CE9A} = {56DF5586-756A-44EF-85E3-7C0F950050B2}
		{E8552122-B74B-4885-B5E0-8DDB313B64FE} = {56DF5586-756A-44EF-85E3-7C0F950050B2}
		{2E3E2E72-7E3D-4DEF-BD00-2EDCD13AD9AE} = {56DF5586-756A-44EF-85E3-7C0F950050B2}
		{59CF6CB5-0B92-44BA-B722-F6BA327F6321} = {80961BC5-0572-4587-9A42-397B97D67712}
		{C61829C5-2856-49EC-B23A-972F4E0FD880} = {3C53F807-0D01-4D61-8CBE-616933918700}
		{5939596B-0444-4885-A1ED-942131FFE65B} = {3C53F807-0D01-4D61-8CBE-616933918700}
		{1C30BF0B-8578-4DFF-9B10-59540447D6E9} = {3C53F807-0D01-4D61-8CBE-616933918700}
		{19C056E4-52A4-4C9A-99E2-9C0D1E4055BD} = {3C53F807-0D01-4D61-8CBE-616933918700}
		{5E916D6E-2495-44D3-85EC-66B7084D954F} = {3C53F807-0D01-4D61-8CBE-616933918700}
		{3B9AD508-4612-4852-8FFD-D02B569FE53C} = {4B7C012A-6B71-4FFE-B392-866BCB786F6F}
	EndGlobalSection
	GlobalSection(ExtensibilityGlobals) = postSolution
		SolutionGuid = {D14C03A0-BEAB-432D-BF40-B50C1710ABD1}
	EndGlobalSection
EndGlobal
